
Microsoft Visual Studio Solution File, Format Version 12.00
# Visual Studio Version 17
VisualStudioVersion = 17.5.33424.131
MinimumVisualStudioVersion = 10.0.40219.1
Project("{FAE04EC0-301F-11D3-BF4B-00C04F79EFBC}") = "LabTask4", "LabTask4\LabTask4.csproj", "{077B0D01-94FE-426D-9D37-480A4610BBA0}"
EndProject
Global
	GlobalSection(SolutionConfigurationPlatforms) = preSolution
		Debug|Any CPU = Debug|Any CPU
		Release|Any CPU = Release|Any CPU
	EndGlobalSection
	GlobalSection(ProjectConfigurationPlatforms) = postSolution
		{077B0D01-94FE-426D-9D37-480A4610BBA0}.Debug|Any CPU.ActiveCfg = Debug|Any CPU
		{077B0D01-94FE-426D-9D37-480A4610BBA0}.Debug|Any CPU.Build.0 = Debug|Any CPU
		{077B0D01-94FE-426D-9D37-480A4610BBA0}.Release|Any CPU.ActiveCfg = Release|Any CPU
		{077B0D01-94FE-426D-9D37-480A4610BBA0}.Release|Any CPU.Build.0 = Release|Any CPU
	EndGlobalSection
	GlobalSection(SolutionProperties) = preSolution
		HideSolutionNode = FALSE
	EndGlobalSection
	GlobalSection(ExtensibilityGlobals) = postSolution
		SolutionGuid = {6F285DE4-29A9-466C-8FC1-FDB4199258A1}
	EndGlobalSection
EndGlobal
